
Microsoft Visual Studio Solution File, Format Version 12.00
# Visual Studio Version 16
VisualStudioVersion = 16.0.31424.327
MinimumVisualStudioVersion = 10.0.40219.1
Project("{FAE04EC0-301F-11D3-BF4B-00C04F79EFBC}") = "ConsoleApp1", "ConsoleApp1\ConsoleApp1.csproj", "{6B8C4AB9-2C86-4C60-AD7F-AA98FC7B7CA7}"
EndProject
Project("{9A19103F-16F7-4668-BE54-9A1E7A4F7556}") = "MLModel1_ConsoleApp1", "MLModel1_ConsoleApp1\MLModel1_ConsoleApp1.csproj", "{62C7C1BE-9AFB-4281-8E65-B637441CF25D}"
EndProject
Global
	GlobalSection(SolutionConfigurationPlatforms) = preSolution
		Debug|Any CPU = Debug|Any CPU
		Release|Any CPU = Release|Any CPU
	EndGlobalSection
	GlobalSection(ProjectConfigurationPlatforms) = postSolution
		{6B8C4AB9-2C86-4C60-AD7F-AA98FC7B7CA7}.Debug|Any CPU.ActiveCfg = Debug|Any CPU
		{6B8C4AB9-2C86-4C60-AD7F-AA98FC7B7CA7}.Debug|Any CPU.Build.0 = Debug|Any CPU
		{6B8C4AB9-2C86-4C60-AD7F-AA98FC7B7CA7}.Release|Any CPU.ActiveCfg = Release|Any CPU
		{6B8C4AB9-2C86-4C60-AD7F-AA98FC7B7CA7}.Release|Any CPU.Build.0 = Release|Any CPU
		{62C7C1BE-9AFB-4281-8E65-B637441CF25D}.Debug|Any CPU.ActiveCfg = Debug|Any CPU
		{62C7C1BE-9AFB-4281-8E65-B637441CF25D}.Debug|Any CPU.Build.0 = Debug|Any CPU
		{62C7C1BE-9AFB-4281-8E65-B637441CF25D}.Release|Any CPU.ActiveCfg = Release|Any CPU
		{62C7C1BE-9AFB-4281-8E65-B637441CF25D}.Release|Any CPU.Build.0 = Release|Any CPU
	EndGlobalSection
	GlobalSection(SolutionProperties) = preSolution
		HideSolutionNode = FALSE
	EndGlobalSection
	GlobalSection(ExtensibilityGlobals) = postSolution
		SolutionGuid = {56F31A3D-137F-43C6-92D2-BD0492312243}
	EndGlobalSection
EndGlobal
